{
  "pins" : [
    {
      "identity" : "apollo-ios",
      "kind" : "remoteSourceControl",
      "location" : "https://github.com/apollographql/apollo-ios",
      "state" : {
        "branch" : "main",
        "revision" : "a4d4a5055c882d2948af66520b570f284d37c6ed"
      }
    },
    {
      "identity" : "sqlite.swift",
      "kind" : "remoteSourceControl",
      "location" : "https://github.com/stephencelis/SQLite.swift.git",
      "state" : {
        "revision" : "4d543d811ee644fa4cc4bfa0be996b4dd6ba0f54",
        "version" : "0.13.3"
      }
    }
  ],
  "version" : 2
}
